
Microsoft Visual Studio Solution File, Format Version 12.00
# Visual Studio Version 16
VisualStudioVersion = 16.0.31112.23
MinimumVisualStudioVersion = 10.0.40219.1
Project("{FAE04EC0-301F-11D3-BF4B-00C04F79EFBC}") = "ManageRes", "ManageRes\ManageRes.csproj", "{45D7F35B-5D44-411E-9C56-B47AA6A8D92C}"
EndProject
Global
	GlobalSection(SolutionConfigurationPlatforms) = preSolution
		Debug|Any CPU = Debug|Any CPU
		Release|Any CPU = Release|Any CPU
	EndGlobalSection
	GlobalSection(ProjectConfigurationPlatforms) = postSolution
		{45D7F35B-5D44-411E-9C56-B47AA6A8D92C}.Debug|Any CPU.ActiveCfg = Debug|Any CPU
		{45D7F35B-5D44-411E-9C56-B47AA6A8D92C}.Debug|Any CPU.Build.0 = Debug|Any CPU
		{45D7F35B-5D44-411E-9C56-B47AA6A8D92C}.Release|Any CPU.ActiveCfg = Release|Any CPU
		{45D7F35B-5D44-411E-9C56-B47AA6A8D92C}.Release|Any CPU.Build.0 = Release|Any CPU
	EndGlobalSection
	GlobalSection(SolutionProperties) = preSolution
		HideSolutionNode = FALSE
	EndGlobalSection
	GlobalSection(ExtensibilityGlobals) = postSolution
		SolutionGuid = {927D328C-7CBC-479D-87F0-B9D1DEBF77A6}
	EndGlobalSection
EndGlobal
